
Microsoft Visual Studio Solution File, Format Version 12.00
# Visual Studio Version 16
VisualStudioVersion = 16.0.31613.86
MinimumVisualStudioVersion = 10.0.40219.1
Project("{8BC9CEB8-8B4A-11D0-8D11-00A0C91BC942}") = "Hazel", "Hazel\Hazel.vcxproj", "{2EFA2DCE-7644-4A1B-B115-32F3E19B34CB}"
EndProject
Project("{8BC9CEB8-8B4A-11D0-8D11-00A0C91BC942}") = "Sandbox", "Sandbox\Sandbox.vcxproj", "{37E00E87-A043-4E3C-95B1-AFC890221A9C}"
EndProject
Global
	GlobalSection(SolutionConfigurationPlatforms) = preSolution
		Debug|x64 = Debug|x64
		Release|x64 = Release|x64
	EndGlobalSection
	GlobalSection(ProjectConfigurationPlatforms) = postSolution
		{2EFA2DCE-7644-4A1B-B115-32F3E19B34CB}.Debug|x64.ActiveCfg = Debug|x64
		{2EFA2DCE-7644-4A1B-B115-32F3E19B34CB}.Debug|x64.Build.0 = Debug|x64
		{2EFA2DCE-7644-4A1B-B115-32F3E19B34CB}.Release|x64.ActiveCfg = Release|x64
		{2EFA2DCE-7644-4A1B-B115-32F3E19B34CB}.Release|x64.Build.0 = Release|x64
		{37E00E87-A043-4E3C-95B1-AFC890221A9C}.Debug|x64.ActiveCfg = Debug|x64
		{37E00E87-A043-4E3C-95B1-AFC890221A9C}.Debug|x64.Build.0 = Debug|x64
		{37E00E87-A043-4E3C-95B1-AFC890221A9C}.Release|x64.ActiveCfg = Release|x64
		{37E00E87-A043-4E3C-95B1-AFC890221A9C}.Release|x64.Build.0 = Release|x64
	EndGlobalSection
	GlobalSection(SolutionProperties) = preSolution
		HideSolutionNode = FALSE
	EndGlobalSection
	GlobalSection(ExtensibilityGlobals) = postSolution
		SolutionGuid = {651D0D62-CED7-4312-A453-A33C58C811B2}
	EndGlobalSection
EndGlobal
